// !$*UTF8*$!
{
	archiveVersion = 1;
	classes = {
	};
	objectVersion = 46;
	objects = {

/* Begin PBXBuildFile section */
		7C75BCB91CCF21C700525DEC /* SwiftPrelude.framework in Frameworks */ = {isa = PBXBuildFile; fileRef = 7C75BCAE1CCF21C700525DEC /* SwiftPrelude.framework */; };
		7C75BCBE1CCF21C700525DEC /* SwiftPreludeTests.swift in Sources */ = {isa = PBXBuildFile; fileRef = 7C75BCBD1CCF21C700525DEC /* SwiftPreludeTests.swift */; };
		7C75BCC91CCF21F700525DEC /* SwiftPrelude.swift in Sources */ = {isa = PBXBuildFile; fileRef = 7C75BCC81CCF21F700525DEC /* SwiftPrelude.swift */; };
/* End PBXBuildFile section */

/* Begin PBXContainerItemProxy section */
		7C75BCBA1CCF21C700525DEC /* PBXContainerItemProxy */ = {
			isa = PBXContainerItemProxy;
			containerPortal = 7C75BCA51CCF21C700525DEC /* Project object */;
			proxyType = 1;
			remoteGlobalIDString = 7C75BCAD1CCF21C700525DEC;
			remoteInfo = SwiftPrelude;
		};
/* End PBXContainerItemProxy section */

/* Begin PBXFileReference section */
		7C75BCAE1CCF21C700525DEC /* SwiftPrelude.framework */ = {isa = PBXFileReference; explicitFileType = wrapper.framework; includeInIndex = 0; path = SwiftPrelude.framework; sourceTree = BUILT_PRODUCTS_DIR; };
		7C75BCB31CCF21C700525DEC /* Info.plist */ = {isa = PBXFileReference; lastKnownFileType = text.plist.xml; path = Info.plist; sourceTree = "<group>"; };
		7C75BCB81CCF21C700525DEC /* SwiftPreludeTests.xctest */ = {isa = PBXFileReference; explicitFileType = wrapper.cfbundle; includeInIndex = 0; path = SwiftPreludeTests.xctest; sourceTree = BUILT_PRODUCTS_DIR; };
		7C75BCBD1CCF21C700525DEC /* SwiftPreludeTests.swift */ = {isa = PBXFileReference; lastKnownFileType = sourcecode.swift; path = SwiftPreludeTests.swift; sourceTree = "<group>"; };
		7C75BCBF1CCF21C700525DEC /* Info.plist */ = {isa = PBXFileReference; lastKnownFileType = text.plist.xml; path = Info.plist; sourceTree = "<group>"; };
		7C75BCC81CCF21F700525DEC /* SwiftPrelude.swift */ = {isa = PBXFileReference; fileEncoding = 4; lastKnownFileType = sourcecode.swift; path = SwiftPrelude.swift; sourceTree = "<group>"; };
/* End PBXFileReference section */

/* Begin PBXFrameworksBuildPhase section */
		7C75BCAA1CCF21C700525DEC /* Frameworks */ = {
			isa = PBXFrameworksBuildPhase;
			buildActionMask = 2147483647;
			files = (
			);
			runOnlyForDeploymentPostprocessing = 0;
		};
		7C75BCB51CCF21C700525DEC /* Frameworks */ = {
			isa = PBXFrameworksBuildPhase;
			buildActionMask = 2147483647;
			files = (
				7C75BCB91CCF21C700525DEC /* SwiftPrelude.framework in Frameworks */,
			);
			runOnlyForDeploymentPostprocessing = 0;
		};
/* End PBXFrameworksBuildPhase section */

/* Begin PBXGroup section */
		7C75BCA41CCF21C700525DEC = {
			isa = PBXGroup;
			children = (
				7C75BCB01CCF21C700525DEC /* SwiftPrelude */,
				7C75BCBC1CCF21C700525DEC /* SwiftPreludeTests */,
				7C75BCAF1CCF21C700525DEC /* Products */,
			);
			sourceTree = "<group>";
		};
		7C75BCAF1CCF21C700525DEC /* Products */ = {
			isa = PBXGroup;
			children = (
				7C75BCAE1CCF21C700525DEC /* SwiftPrelude.framework */,
				7C75BCB81CCF21C700525DEC /* SwiftPreludeTests.xctest */,
			);
			name = Products;
			sourceTree = "<group>";
		};
		7C75BCB01CCF21C700525DEC /* SwiftPrelude */ = {
			isa = PBXGroup;
			children = (
				7C75BCB31CCF21C700525DEC /* Info.plist */,
				7C75BCC81CCF21F700525DEC /* SwiftPrelude.swift */,
			);
			path = SwiftPrelude;
			sourceTree = "<group>";
		};
		7C75BCBC1CCF21C700525DEC /* SwiftPreludeTests */ = {
			isa = PBXGroup;
			children = (
				7C75BCBD1CCF21C700525DEC /* SwiftPreludeTests.swift */,
				7C75BCBF1CCF21C700525DEC /* Info.plist */,
			);
			path = SwiftPreludeTests;
			sourceTree = "<group>";
		};
/* End PBXGroup section */

/* Begin PBXHeadersBuildPhase section */
		7C75BCAB1CCF21C700525DEC /* Headers */ = {
			isa = PBXHeadersBuildPhase;
			buildActionMask = 2147483647;
			files = (
			);
			runOnlyForDeploymentPostprocessing = 0;
		};
/* End PBXHeadersBuildPhase section */

/* Begin PBXNativeTarget section */
		7C75BCAD1CCF21C700525DEC /* SwiftPrelude */ = {
			isa = PBXNativeTarget;
			buildConfigurationList = 7C75BCC21CCF21C700525DEC /* Build configuration list for PBXNativeTarget "SwiftPrelude" */;
			buildPhases = (
				7C75BCA91CCF21C700525DEC /* Sources */,
				7C75BCAA1CCF21C700525DEC /* Frameworks */,
				7C75BCAB1CCF21C700525DEC /* Headers */,
				7C75BCAC1CCF21C700525DEC /* Resources */,
			);
			buildRules = (
			);
			dependencies = (
			);
			name = SwiftPrelude;
			productName = SwiftPrelude;
			productReference = 7C75BCAE1CCF21C700525DEC /* SwiftPrelude.framework */;
			productType = "com.apple.product-type.framework";
		};
		7C75BCB71CCF21C700525DEC /* SwiftPreludeTests */ = {
			isa = PBXNativeTarget;
			buildConfigurationList = 7C75BCC51CCF21C700525DEC /* Build configuration list for PBXNativeTarget "SwiftPreludeTests" */;
			buildPhases = (
				7C75BCB41CCF21C700525DEC /* Sources */,
				7C75BCB51CCF21C700525DEC /* Frameworks */,
				7C75BCB61CCF21C700525DEC /* Resources */,
			);
			buildRules = (
			);
			dependencies = (
				7C75BCBB1CCF21C700525DEC /* PBXTargetDependency */,
			);
			name = SwiftPreludeTests;
			productName = SwiftPreludeTests;
			productReference = 7C75BCB81CCF21C700525DEC /* SwiftPreludeTests.xctest */;
			productType = "com.apple.product-type.bundle.unit-test";
		};
/* End PBXNativeTarget section */

/* Begin PBXProject section */
		7C75BCA51CCF21C700525DEC /* Project object */ = {
			isa = PBXProject;
			attributes = {
				LastSwiftUpdateCheck = 0730;
				LastUpgradeCheck = 0730;
				TargetAttributes = {
					7C75BCAD1CCF21C700525DEC = {
						CreatedOnToolsVersion = 7.3;
					};
					7C75BCB71CCF21C700525DEC = {
						CreatedOnToolsVersion = 7.3;
					};
				};
			};
			buildConfigurationList = 7C75BCA81CCF21C700525DEC /* Build configuration list for PBXProject "SwiftPrelude" */;
			compatibilityVersion = "Xcode 3.2";
			developmentRegion = English;
			hasScannedForEncodings = 0;
			knownRegions = (
				en,
			);
			mainGroup = 7C75BCA41CCF21C700525DEC;
			productRefGroup = 7C75BCAF1CCF21C700525DEC /* Products */;
			projectDirPath = "";
			projectRoot = "";
			targets = (
				7C75BCAD1CCF21C700525DEC /* SwiftPrelude */,
				7C75BCB71CCF21C700525DEC /* SwiftPreludeTests */,
			);
		};
/* End PBXProject section */

/* Begin PBXResourcesBuildPhase section */
		7C75BCAC1CCF21C700525DEC /* Resources */ = {
			isa = PBXResourcesBuildPhase;
			buildActionMask = 2147483647;
			files = (
			);
			runOnlyForDeploymentPostprocessing = 0;
		};
		7C75BCB61CCF21C700525DEC /* Resources */ = {
			isa = PBXResourcesBuildPhase;
			buildActionMask = 2147483647;
			files = (
			);
			runOnlyForDeploymentPostprocessing = 0;
		};
/* End PBXResourcesBuildPhase section */

/* Begin PBXSourcesBuildPhase section */
		7C75BCA91CCF21C700525DEC /* Sources */ = {
			isa = PBXSourcesBuildPhase;
			buildActionMask = 2147483647;
			files = (
				7C75BCC91CCF21F700525DEC /* SwiftPrelude.swift in Sources */,
			);
			runOnlyForDeploymentPostprocessing = 0;
		};
		7C75BCB41CCF21C700525DEC /* Sources */ = {
			isa = PBXSourcesBuildPhase;
			buildActionMask = 2147483647;
			files = (
				7C75BCBE1CCF21C700525DEC /* SwiftPreludeTests.swift in Sources */,
			);
			runOnlyForDeploymentPostprocessing = 0;
		};
/* End PBXSourcesBuildPhase section */

/* Begin PBXTargetDependency section */
		7C75BCBB1CCF21C700525DEC /* PBXTargetDependency */ = {
			isa = PBXTargetDependency;
			target = 7C75BCAD1CCF21C700525DEC /* SwiftPrelude */;
			targetProxy = 7C75BCBA1CCF21C700525DEC /* PBXContainerItemProxy */;
		};
/* End PBXTargetDependency section */

/* Begin XCBuildConfiguration section */
		7C75BCC01CCF21C700525DEC /* Debug */ = {
			isa = XCBuildConfiguration;
			buildSettings = {
				ALWAYS_SEARCH_USER_PATHS = NO;
				CLANG_ANALYZER_NONNULL = YES;
				CLANG_CXX_LANGUAGE_STANDARD = "gnu++0x";
				CLANG_CXX_LIBRARY = "libc++";
				CLANG_ENABLE_MODULES = YES;
				CLANG_ENABLE_OBJC_ARC = YES;
				CLANG_WARN_BOOL_CONVERSION = YES;
				CLANG_WARN_CONSTANT_CONVERSION = YES;
				CLANG_WARN_DIRECT_OBJC_ISA_USAGE = YES_ERROR;
				CLANG_WARN_EMPTY_BODY = YES;
				CLANG_WARN_ENUM_CONVERSION = YES;
				CLANG_WARN_INT_CONVERSION = YES;
				CLANG_WARN_OBJC_ROOT_CLASS = YES_ERROR;
				CLANG_WARN_UNREACHABLE_CODE = YES;
				CLANG_WARN__DUPLICATE_METHOD_MATCH = YES;
				"CODE_SIGN_IDENTITY[sdk=iphoneos*]" = "iPhone Developer";
				COPY_PHASE_STRIP = NO;
				CURRENT_PROJECT_VERSION = 1;
				DEBUG_INFORMATION_FORMAT = dwarf;
				ENABLE_STRICT_OBJC_MSGSEND = YES;
				ENABLE_TESTABILITY = YES;
				GCC_C_LANGUAGE_STANDARD = gnu99;
				GCC_DYNAMIC_NO_PIC = NO;
				GCC_NO_COMMON_BLOCKS = YES;
				GCC_OPTIMIZATION_LEVEL = 0;
				GCC_PREPROCESSOR_DEFINITIONS = (
					"DEBUG=1",
					"$(inherited)",
				);
				GCC_WARN_64_TO_32_BIT_CONVERSION = YES;
				GCC_WARN_ABOUT_RETURN_TYPE = YES_ERROR;
				GCC_WARN_UNDECLARED_SELECTOR = YES;
				GCC_WARN_UNINITIALIZED_AUTOS = YES_AGGRESSIVE;
				GCC_WARN_UNUSED_FUNCTION = YES;
				GCC_WARN_UNUSED_VARIABLE = YES;
				IPHONEOS_DEPLOYMENT_TARGET = 9.3;
				MTL_ENABLE_DEBUG_INFO = YES;
				ONLY_ACTIVE_ARCH = YES;
				SDKROOT = iphoneos;
				SWIFT_OPTIMIZATION_LEVEL = "-Onone";
				TARGETED_DEVICE_FAMILY = "1,2";
				VERSIONING_SYSTEM = "apple-generic";
				VERSION_INFO_PREFIX = "";
			};
			name = Debug;
		};
		7C75BCC11CCF21C700525DEC /* Release */ = {
			isa = XCBuildConfiguration;
			buildSettings = {
				ALWAYS_SEARCH_USER_PATHS = NO;
				CLANG_ANALYZER_NONNULL = YES;
				CLANG_CXX_LANGUAGE_STANDARD = "gnu++0x";
				CLANG_CXX_LIBRARY = "libc++";
				CLANG_ENABLE_MODULES = YES;
				CLANG_ENABLE_OBJC_ARC = YES;
				CLANG_WARN_BOOL_CONVERSION = YES;
				CLANG_WARN_CONSTANT_CONVERSION = YES;
				CLANG_WARN_DIRECT_OBJC_ISA_USAGE = YES_ERROR;
				CLANG_WARN_EMPTY_BODY = YES;
				CLANG_WARN_ENUM_CONVERSION = YES;
				CLANG_WARN_INT_CONVERSION = YES;
				CLANG_WARN_OBJC_ROOT_CLASS = YES_ERROR;
				CLANG_WARN_UNREACHABLE_CODE = YES;
				CLANG_WARN__DUPLICATE_METHOD_MATCH = YES;
				"CODE_SIGN_IDENTITY[sdk=iphoneos*]" = "iPhone Developer";
				COPY_PHASE_STRIP = NO;
				CURRENT_PROJECT_VERSION = 1;
				DEBUG_INFORMATION_FORMAT = "dwarf-with-dsym";
				ENABLE_NS_ASSERTIONS = NO;
				ENABLE_STRICT_OBJC_MSGSEND = YES;
				GCC_C_LANGUAGE_STANDARD = gnu99;
				GCC_NO_COMMON_BLOCKS = YES;
				GCC_WARN_64_TO_32_BIT_CONVERSION = YES;
				GCC_WARN_ABOUT_RETURN_TYPE = YES_ERROR;
				GCC_WARN_UNDECLARED_SELECTOR = YES;
				GCC_WARN_UNINITIALIZED_AUTOS = YES_AGGRESSIVE;
				GCC_WARN_UNUSED_FUNCTION = YES;
				GCC_WARN_UNUSED_VARIABLE = YES;
				IPHONEOS_DEPLOYMENT_TARGET = 9.3;
				MTL_ENABLE_DEBUG_INFO = NO;
				SDKROOT = iphoneos;
				TARGETED_DEVICE_FAMILY = "1,2";
				VALIDATE_PRODUCT = YES;
				VERSIONING_SYSTEM = "apple-generic";
				VERSION_INFO_PREFIX = "";
			};
			name = Release;
		};
		7C75BCC31CCF21C700525DEC /* Debug */ = {
			isa = XCBuildConfiguration;
			buildSettings = {
				CLANG_ENABLE_MODULES = YES;
				DEFINES_MODULE = YES;
				DYLIB_COMPATIBILITY_VERSION = 1;
				DYLIB_CURRENT_VERSION = 1;
				DYLIB_INSTALL_NAME_BASE = "@rpath";
				INFOPLIST_FILE = SwiftPrelude/Info.plist;
				INSTALL_PATH = "$(LOCAL_LIBRARY_DIR)/Frameworks";
				LD_RUNPATH_SEARCH_PATHS = "$(inherited) @executable_path/Frameworks @loader_path/Frameworks";
				PRODUCT_BUNDLE_IDENTIFIER = ca.thurn.SwiftPrelude;
				PRODUCT_NAME = "$(TARGET_NAME)";
				SKIP_INSTALL = YES;
				SWIFT_OPTIMIZATION_LEVEL = "-Onone";
			};
			name = Debug;
		};
		7C75BCC41CCF21C700525DEC /* Release */ = {
			isa = XCBuildConfiguration;
			buildSettings = {
				CLANG_ENABLE_MODULES = YES;
				DEFINES_MODULE = YES;
				DYLIB_COMPATIBILITY_VERSION = 1;
				DYLIB_CURRENT_VERSION = 1;
				DYLIB_INSTALL_NAME_BASE = "@rpath";
				INFOPLIST_FILE = SwiftPrelude/Info.plist;
				INSTALL_PATH = "$(LOCAL_LIBRARY_DIR)/Frameworks";
				LD_RUNPATH_SEARCH_PATHS = "$(inherited) @executable_path/Frameworks @loader_path/Frameworks";
				PRODUCT_BUNDLE_IDENTIFIER = ca.thurn.SwiftPrelude;
				PRODUCT_NAME = "$(TARGET_NAME)";
				SKIP_INSTALL = YES;
			};
			name = Release;
		};
		7C75BCC61CCF21C700525DEC /* Debug */ = {
			isa = XCBuildConfiguration;
			buildSettings = {
				INFOPLIST_FILE = SwiftPreludeTests/Info.plist;
				LD_RUNPATH_SEARCH_PATHS = "$(inherited) @executable_path/Frameworks @loader_path/Frameworks";
				PRODUCT_BUNDLE_IDENTIFIER = ca.thurn.SwiftPreludeTests;
				PRODUCT_NAME = "$(TARGET_NAME)";
			};
			name = Debug;
		};
		7C75BCC71CCF21C700525DEC /* Release */ = {
			isa = XCBuildConfiguration;
			buildSettings = {
				INFOPLIST_FILE = SwiftPreludeTests/Info.plist;
				LD_RUNPATH_SEARCH_PATHS = "$(inherited) @executable_path/Frameworks @loader_path/Frameworks";
				PRODUCT_BUNDLE_IDENTIFIER = ca.thurn.SwiftPreludeTests;
				PRODUCT_NAME = "$(TARGET_NAME)";
			};
			name = Release;
		};
/* End XCBuildConfiguration section */

/* Begin XCConfigurationList section */
		7C75BCA81CCF21C700525DEC /* Build configuration list for PBXProject "SwiftPrelude" */ = {
			isa = XCConfigurationList;
			buildConfigurations = (
				7C75BCC01CCF21C700525DEC /* Debug */,
				7C75BCC11CCF21C700525DEC /* Release */,
			);
			defaultConfigurationIsVisible = 0;
			defaultConfigurationName = Release;
		};
		7C75BCC21CCF21C700525DEC /* Build configuration list for PBXNativeTarget "SwiftPrelude" */ = {
			isa = XCConfigurationList;
			buildConfigurations = (
				7C75BCC31CCF21C700525DEC /* Debug */,
				7C75BCC41CCF21C700525DEC /* Release */,
			);
			defaultConfigurationIsVisible = 0;
		};
		7C75BCC51CCF21C700525DEC /* Build configuration list for PBXNativeTarget "SwiftPreludeTests" */ = {
			isa = XCConfigurationList;
			buildConfigurations = (
				7C75BCC61CCF21C700525DEC /* Debug */,
				7C75BCC71CCF21C700525DEC /* Release */,
			);
			defaultConfigurationIsVisible = 0;
		};
/* End XCConfigurationList section */
	};
	rootObject = 7C75BCA51CCF21C700525DEC /* Project object */;
}
